---
lockfileVersion: '9.0'

importers:

  .:
    configDependencies: {}
    packageManagerDependencies:
      '@pnpm/exe':
        specifier: ^11.17.0
        version: 11.17.0
      pnpm:
        specifier: ^11.17.0
        version: 11.17.0

packages:

  '@pnpm/exe@11.17.0':
    resolution: {integrity: sha512-lZWoAn5iAmIX0oiez/CeXIhVo1VGJn78VdQRTHFJWcldN/FjvfN1DKYFLeZHKIyZ0fKTjfojruVJhzOBD1Ribg==}
    hasBin: true

  '@pnpm/linux-arm64@11.17.0':
    resolution: {integrity: sha512-SKMkhu6HHgWbN8JfhK+QCHnky62EASkD8Ip6krwWYtHWBFKDz/nAFRf2n6YjuqY/aZMGZmP6Phn1woUe7xpGkA==}
    cpu: [arm64]
    os: [linux]

  '@pnpm/linux-x64@11.17.0':
    resolution: {integrity: sha512-2ua1+O9zFrebCMIcTSxAIG0w+k01PqYkFzMAvTtf7zEcmkSO0PiDvnhEtVqziXT8CVDSIILPYxx29uhAJzupzA==}
    cpu: [x64]
    os: [linux]

  '@pnpm/linuxstatic-arm64@11.17.0':
    resolution: {integrity: sha512-lf0AqTzwcDZMesK5bl3IElOrmiHFqrnGN24Z974smIZIlXQq0h8vkda8UlvDYxIyPkDq/+XmOGI4qAfc33Fcow==}
    cpu: [arm64]
    os: [linux]
    libc: [musl]

  '@pnpm/linuxstatic-x64@11.17.0':
    resolution: {integrity: sha512-+CO5KvfRcAJCm5a1A1sDI7/FKplJW1dHxdY+6xv8F53h8F4Mvk9839HoQpv1NtQMFxtFXOMcRm1TmdQEIBz3FQ==}
    cpu: [x64]
    os: [linux]
    libc: [musl]

  '@pnpm/macos-arm64@11.17.0':
    resolution: {integrity: sha512-EQHPo5DLYvJ3kl9f5uSTyq9AvB1IYPmcDQXeU7CN0B74pZoJyKqsiPfuAQ/vr+eKD5ecbYL6jmbhlb5gWqjENA==}
    cpu: [arm64]
    os: [darwin]

  '@pnpm/win-arm64@11.17.0':
    resolution: {integrity: sha512-FPws2ER3+0h4EHS9UxEuAgAXgsUghSdsSjzSgDps9y9fvWl5q1HVVpixlezXf/roca8j9TPxnkGPo8+xaIWNRw==}
    cpu: [arm64]
    os: [win32]

  '@pnpm/win-x64@11.17.0':
    resolution: {integrity: sha512-4YhOi214A9Ou9Zfg93oCEhU6a1vizebiqVAlEdYNGmd3zeyf7wv2K0Ek8oDQpSX32QXEGIhvF3Y/Ss1EDI7DFg==}
    cpu: [x64]
    os: [win32]

  '@reflink/reflink-darwin-arm64@0.1.19':
    resolution: {integrity: sha512-ruy44Lpepdk1FqDz38vExBY/PVUsjxZA+chd9wozjUH9JjuDT/HEaQYA6wYN9mf041l0yLVar6BCZuWABJvHSA==}
    engines: {node: '>= 10'}
    cpu: [arm64]
    os: [darwin]

  '@reflink/reflink-darwin-x64@0.1.19':
    resolution: {integrity: sha512-By85MSWrMZa+c26TcnAy8SDk0sTUkYlNnwknSchkhHpGXOtjNDUOxJE9oByBnGbeuIE1PiQsxDG3Ud+IVV9yuA==}
    engines: {node: '>= 10'}
    cpu: [x64]
    os: [darwin]

  '@reflink/reflink-linux-arm64-gnu@0.1.19':
    resolution: {integrity: sha512-7P+er8+rP9iNeN+bfmccM4hTAaLP6PQJPKWSA4iSk2bNvo6KU6RyPgYeHxXmzNKzPVRcypZQTpFgstHam6maVg==}
    engines: {node: '>= 10'}
    cpu: [arm64]
    os: [linux]
    libc: [glibc]

  '@reflink/reflink-linux-arm64-musl@0.1.19':
    resolution: {integrity: sha512-37iO/Dp6m5DDaC2sf3zPtx/hl9FV3Xze4xoYidrxxS9bgP3S8ALroxRK6xBG/1TtfXKTvolvp+IjrUU6ujIGmA==}
    engines: {node: '>= 10'}
    cpu: [arm64]
    os: [linux]
    libc: [musl]

  '@reflink/reflink-linux-x64-gnu@0.1.19':
    resolution: {integrity: sha512-jbI8jvuYCaA3MVUdu8vLoLAFqC+iNMpiSuLbxlAgg7x3K5bsS8nOpTRnkLF7vISJ+rVR8W+7ThXlXlUQ93ulkw==}
    engines: {node: '>= 10'}
    cpu: [x64]
    os: [linux]
    libc: [glibc]

  '@reflink/reflink-linux-x64-musl@0.1.19':
    resolution: {integrity: sha512-e9FBWDe+lv7QKAwtKOt6A2W/fyy/aEEfr0g6j/hWzvQcrzHCsz07BNQYlNOjTfeytrtLU7k449H1PI95jA4OjQ==}
    engines: {node: '>= 10'}
    cpu: [x64]
    os: [linux]
    libc: [musl]

  '@reflink/reflink-win32-arm64-msvc@0.1.19':
    resolution: {integrity: sha512-09PxnVIQcd+UOn4WAW73WU6PXL7DwGS6wPlkMhMg2zlHHG65F3vHepOw06HFCq+N42qkaNAc8AKIabWvtk6cIQ==}
    engines: {node: '>= 10'}
    cpu: [arm64]
    os: [win32]

  '@reflink/reflink-win32-x64-msvc@0.1.19':
    resolution: {integrity: sha512-E//yT4ni2SyhwP8JRjVGWr3cbnhWDiPLgnQ66qqaanjjnMiu3O/2tjCPQXlcGc/DEYofpDc9fvhv6tALQsMV9w==}
    engines: {node: '>= 10'}
    cpu: [x64]
    os: [win32]

  '@reflink/reflink@0.1.19':
    resolution: {integrity: sha512-DmCG8GzysnCZ15bres3N5AHCmwBwYgp0As6xjhQ47rAUTUXxJiK+lLUxaGsX3hd/30qUpVElh05PbGuxRPgJwA==}
    engines: {node: '>= 10'}

  detect-libc@2.1.2:
    resolution: {integrity: sha512-Btj2BOOO83o3WyH59e8MgXsxEQVcarkUOpEYrubB0urwnN10yQ364rsiByU11nZlqWYZm05i/of7io4mzihBtQ==}
    engines: {node: '>=8'}

  pnpm@11.17.0:
    resolution: {integrity: sha512-zKPOozKtJUu4QUX5ZtGfSHlhUhA0b8kseaBH8joNezzKPDeS8AdrofGDHSd++88KkRmzGppg7Kf7PWIx8zHvcg==}
    engines: {node: '>=22.13'}
    hasBin: true

snapshots:

  '@pnpm/exe@11.17.0':
    dependencies:
      '@reflink/reflink': 0.1.19
      detect-libc: 2.1.2
    optionalDependencies:
      '@pnpm/linux-arm64': 11.17.0
      '@pnpm/linux-x64': 11.17.0
      '@pnpm/linuxstatic-arm64': 11.17.0
      '@pnpm/linuxstatic-x64': 11.17.0
      '@pnpm/macos-arm64': 11.17.0
      '@pnpm/win-arm64': 11.17.0
      '@pnpm/win-x64': 11.17.0

  '@pnpm/linux-arm64@11.17.0':
    optional: true

  '@pnpm/linux-x64@11.17.0':
    optional: true

  '@pnpm/linuxstatic-arm64@11.17.0':
    optional: true

  '@pnpm/linuxstatic-x64@11.17.0':
    optional: true

  '@pnpm/macos-arm64@11.17.0':
    optional: true

  '@pnpm/win-arm64@11.17.0':
    optional: true

  '@pnpm/win-x64@11.17.0':
    optional: true

  '@reflink/reflink-darwin-arm64@0.1.19':
    optional: true

  '@reflink/reflink-darwin-x64@0.1.19':
    optional: true

  '@reflink/reflink-linux-arm64-gnu@0.1.19':
    optional: true

  '@reflink/reflink-linux-arm64-musl@0.1.19':
    optional: true

  '@reflink/reflink-linux-x64-gnu@0.1.19':
    optional: true

  '@reflink/reflink-linux-x64-musl@0.1.19':
    optional: true

  '@reflink/reflink-win32-arm64-msvc@0.1.19':
    optional: true

  '@reflink/reflink-win32-x64-msvc@0.1.19':
    optional: true

  '@reflink/reflink@0.1.19':
    optionalDependencies:
      '@reflink/reflink-darwin-arm64': 0.1.19
      '@reflink/reflink-darwin-x64': 0.1.19
      '@reflink/reflink-linux-arm64-gnu': 0.1.19
      '@reflink/reflink-linux-arm64-musl': 0.1.19
      '@reflink/reflink-linux-x64-gnu': 0.1.19
      '@reflink/reflink-linux-x64-musl': 0.1.19
      '@reflink/reflink-win32-arm64-msvc': 0.1.19
      '@reflink/reflink-win32-x64-msvc': 0.1.19

  detect-libc@2.1.2: {}

  pnpm@11.17.0: {}

---
lockfileVersion: '9.0'

settings:
  autoInstallPeers: true
  excludeLinksFromLockfile: false

importers:

  .:
    devDependencies:
      turbo:
        specifier: ^2.10.7
        version: 2.10.7

  packages/conventions:
    devDependencies:
      oxfmt:
        specifier: ^0.60.0
        version: 0.60.0
      oxlint:
        specifier: ^1.75.0
        version: 1.75.0

packages:

  '@oxfmt/binding-android-arm-eabi@0.60.0':
    resolution: {integrity: sha512-1q4q4Jc8FlOMVojEisyFAVyl8h1yawNv6phjgmhGVEDeyeOdsSnSr9x0+D4mOnEKvpO5L4mxKZ/DP9X6U3A/Mw==}
    engines: {node: ^20.19.0 || >=22.12.0}
    cpu: [arm]
    os: [android]

  '@oxfmt/binding-android-arm64@0.60.0':
    resolution: {integrity: sha512-tD41I6nCt9k8SQXft0CSjjU9jg6SwG7uMu7PxodSEHXl+GDW0868oy6tTtoJkyUze8YKFgTpz/k5LuPUnFiGLw==}
    engines: {node: ^20.19.0 || >=22.12.0}
    cpu: [arm64]
    os: [android]

  '@oxfmt/binding-darwin-arm64@0.60.0':
    resolution: {integrity: sha512-TTpzPug96Zxdyb46KvTyIUQDdsqbumXh2TKG9C23PCT0kF7JkW56Z/quPuG9rqOFKQIi1gpRNZ7DX18LwxXPnw==}
    engines: {node: ^20.19.0 || >=22.12.0}
    cpu: [arm64]
    os: [darwin]

  '@oxfmt/binding-darwin-x64@0.60.0':
    resolution: {integrity: sha512-CnOoWgQ7L+JL/YQaRJ+NyATciSfcftncm7y3kqyte1cGtFEGnStaCd1TAyrinkfQ7nRBfHrTs1/vTwUJr3WF2Q==}
    engines: {node: ^20.19.0 || >=22.12.0}
    cpu: [x64]
    os: [darwin]

  '@oxfmt/binding-freebsd-x64@0.60.0':
    resolution: {integrity: sha512-ychJo7S3hZxdO6eDZ9zM6F2lM9fpJS3EKS5CAUSWyprdLYxTu4gbaUKV/VBPTcMJwQa2Bpo+643y3OJ537pihA==}
    engines: {node: ^20.19.0 || >=22.12.0}
    cpu: [x64]
    os: [freebsd]

  '@oxfmt/binding-linux-arm-gnueabihf@0.60.0':
    resolution: {integrity: sha512-36IH5o55T2Fx7E0feDttt+mifxN6yk9pWv4KfhAIsP0dFnUq27331OwbpOsZdoXF9soOLWm7mQUz5+UUmyec4g==}
    engines: {node: ^20.19.0 || >=22.12.0}
    cpu: [arm]
    os: [linux]

  '@oxfmt/binding-linux-arm-musleabihf@0.60.0':
    resolution: {integrity: sha512-G1Ve7lAa6sFBolVI2LWHfEAqy0YKh4vnioH8uYO9kAEdgM7mR40IksIx9/Zk4+vbYew/sGa4J9Q4tZ3n9gXDHA==}
    engines: {node: ^20.19.0 || >=22.12.0}
    cpu: [arm]
    os: [linux]

  '@oxfmt/binding-linux-arm64-gnu@0.60.0':
    resolution: {integrity: sha512-LTQdRBf6uzj/h7Xk6lKzbGD2hrF/fK4YI9LIN1c0509tPUn8wRa3mCmrFQpEWJPLYGFrLFFMTYW1Ljj6VqW2Hw==}
    engines: {node: ^20.19.0 || >=22.12.0}
    cpu: [arm64]
    os: [linux]
    libc: [glibc]

  '@oxfmt/binding-linux-arm64-musl@0.60.0':
    resolution: {integrity: sha512-2JMo3XPxMPx3hiqddSZYyaH+fKJm6cz0u8n1naYjP/CdOQOZW34i8lKBUfmbWiuFvd6KoYXLmhAyBuvojsYS7Q==}
    engines: {node: ^20.19.0 || >=22.12.0}
    cpu: [arm64]
    os: [linux]
    libc: [musl]

  '@oxfmt/binding-linux-ppc64-gnu@0.60.0':
    resolution: {integrity: sha512-L3C+nBD13lr306tr/PjM3RMll+BVqgFrIgUyoeHuai5oueJrRLgO3j+GO5/Cbhtkf5PSlHYTI1JY7iqBd1qa6A==}
    engines: {node: ^20.19.0 || >=22.12.0}
    cpu: [ppc64]
    os: [linux]
    libc: [glibc]

  '@oxfmt/binding-linux-riscv64-gnu@0.60.0':
    resolution: {integrity: sha512-M4MsmvqlxFiPtSRGyBYQSZxchEf463AOyd+Dh4/9xDpjWBsRtDUTDMFN5EdHinjVK1/eDJQ8MLpcYjpYayaCnA==}
    engines: {node: ^20.19.0 || >=22.12.0}
    cpu: [riscv64]
    os: [linux]
    libc: [glibc]

  '@oxfmt/binding-linux-riscv64-musl@0.60.0':
    resolution: {integrity: sha512-OH+9UskYuxRB+GxqdGkVN8f5UpwhqG8YscNo1wl8+KJ62cd7wZdGga6iGLJIf8kibF1WBwvlfDUx3cez/VXwFg==}
    engines: {node: ^20.19.0 || >=22.12.0}
    cpu: [riscv64]
    os: [linux]
    libc: [musl]

  '@oxfmt/binding-linux-s390x-gnu@0.60.0':
    resolution: {integrity: sha512-y7AAFutt9wFWBFOAn6+BHaV39usZmcr3YYH2385f+NHgPNpIF9HpqKp0jgUxPaUOCyG3oaX5VhJduL1Nw164rw==}
    engines: {node: ^20.19.0 || >=22.12.0}
    cpu: [s390x]
    os: [linux]
    libc: [glibc]

  '@oxfmt/binding-linux-x64-gnu@0.60.0':
    resolution: {integrity: sha512-yKZ9+CXAI+1RO5nH/4Z/9M6DAsfOzd5bw/gtWk81KB4mpalMaRRSXfouc5/tHxazDmBek55HNPepNYBgaCew0Q==}
    engines: {node: ^20.19.0 || >=22.12.0}
    cpu: [x64]
    os: [linux]
    libc: [glibc]

  '@oxfmt/binding-linux-x64-musl@0.60.0':
    resolution: {integrity: sha512-bCUGaF6hJOYnQzLJdHLZbvGsOd5oSvGAyJhPAKum2uyLYUuXmP8vqg690DWi2hqcnIoYpqSqCrjzE5aiUAgwQg==}
    engines: {node: ^20.19.0 || >=22.12.0}
    cpu: [x64]
    os: [linux]
    libc: [musl]

  '@oxfmt/binding-openharmony-arm64@0.60.0':
    resolution: {integrity: sha512-GrUeZOvzP30ExxfCuQiyofuUGI+OmvAgFwOO5w5p9mGPlxcyuqI+6Sy9fAKFFfLQrqKYWFgc5sYA2Unj/29nPg==}
    engines: {node: ^20.19.0 || >=22.12.0}
    cpu: [arm64]
    os: [openharmony]

  '@oxfmt/binding-win32-arm64-msvc@0.60.0':
    resolution: {integrity: sha512-WD4Q954kUl2TDJV/6q7UnE2rlKk047kXLJsr4bJ2mXRaAqNXcmV3nwKUsGCc3mz/jYDBnXtJEaBErJEybK8iQQ==}
    engines: {node: ^20.19.0 || >=22.12.0}
    cpu: [arm64]
    os: [win32]

  '@oxfmt/binding-win32-ia32-msvc@0.60.0':
    resolution: {integrity: sha512-HqDekjr8JXzVDUP1YthDZ1Y3CBEcuZT4WX3B+1kaxj8CvZA8Y2YhcEsXqoSop3tVsgjACxjnFQFDkBo0r/jq1Q==}
    engines: {node: ^20.19.0 || >=22.12.0}
    cpu: [ia32]
    os: [win32]

  '@oxfmt/binding-win32-x64-msvc@0.60.0':
    resolution: {integrity: sha512-tz78yhmGPKboTMHCHSaUqXK8JrmoSejgDcWeqAtg2s07ZGKQ3rH5Jn8NuXPGNG33CDbY2e9NoQWXIVEmKO21Rw==}
    engines: {node: ^20.19.0 || >=22.12.0}
    cpu: [x64]
    os: [win32]

  '@oxlint/binding-android-arm-eabi@1.75.0':
    resolution: {integrity: sha512-lutovtFzJqlRaqpZrCqSSGaHZzl9nIxxpjLzhSRLunN6dCLylj0uzlCyQGaQDIys7rrv8kVXiFO+R4Zpn0bX7g==}
    engines: {node: ^20.19.0 || >=22.12.0}
    cpu: [arm]
    os: [android]

  '@oxlint/binding-android-arm64@1.75.0':
    resolution: {integrity: sha512-hXI0hDgHkw4w5nfru72aG7y+2iQJmC4waH/KV6H/hbgA6yAP5jYNx0P9yug15Hs0tWl/+mda3Jjn/2gmDT48tw==}
    engines: {node: ^20.19.0 || >=22.12.0}
    cpu: [arm64]
    os: [android]

  '@oxlint/binding-darwin-arm64@1.75.0':
    resolution: {integrity: sha512-D91BWbK/dMYfCcrghspPIuKs2D9LF4Z/OabVSQjw1AO6PWxArD7teDA48bm0ySFqWDaPVqmQRl5GMWNglTXyrQ==}
    engines: {node: ^20.19.0 || >=22.12.0}
    cpu: [arm64]
    os: [darwin]

  '@oxlint/binding-darwin-x64@1.75.0':
    resolution: {integrity: sha512-02mpwzf12BonZ6PT0TuQoomvEh2kVl2WGBIKWezCyToIS+rYkQZ6GXnARBAl9A4Ovm2V+Xe7M4KretyqmmcnJQ==}
    engines: {node: ^20.19.0 || >=22.12.0}
    cpu: [x64]
    os: [darwin]

  '@oxlint/binding-freebsd-x64@1.75.0':
    resolution: {integrity: sha512-qZJgLnDaBsiL5YESx2t/TZ8eXkL9fEkKoXEdzegROhlz9A0lgyGnZ0dAzJrh7LJAHQl2K9RdRueN2s/9N7+odg==}
    engines: {node: ^20.19.0 || >=22.12.0}
    cpu: [x64]
    os: [freebsd]

  '@oxlint/binding-linux-arm-gnueabihf@1.75.0':
    resolution: {integrity: sha512-7XlaWA5BJD3XpCfrEqjEe6Zseeb14S7QGa304XfwKignRaKQ+eIj775BQ7nIslggWickl4IsPUFqJ+/gAyNHVg==}
    engines: {node: ^20.19.0 || >=22.12.0}
    cpu: [arm]
    os: [linux]

  '@oxlint/binding-linux-arm-musleabihf@1.75.0':
    resolution: {integrity: sha512-av6Tpv8yrcMMMOadOqENBhlsLRcGFXXwoQ0hzHhsmS9FJ4Wioy8we427GbcMe2XTxmL2e60T67H1Dyr3up+tAA==}
    engines: {node: ^20.19.0 || >=22.12.0}
    cpu: [arm]
    os: [linux]

  '@oxlint/binding-linux-arm64-gnu@1.75.0':
    resolution: {integrity: sha512-WcUhd8fHT5plrA14lANevl+hOl815mVI5t2hU21oFWrZKFXIVV/Sr4rWQV0NzSvzBupbMLNc5ErEA6Ehxh5jMg==}
    engines: {node: ^20.19.0 || >=22.12.0}
    cpu: [arm64]
    os: [linux]
    libc: [glibc]

  '@oxlint/binding-linux-arm64-musl@1.75.0':
    resolution: {integrity: sha512-UWzp5wRHFe/ESO3+eEaxXsTkYTGLYjnTsi/I5neEacXSItQ6WNleapfOAeA4x2b8nyhJ4uQxqvtv9pHv8kWJtQ==}
    engines: {node: ^20.19.0 || >=22.12.0}
    cpu: [arm64]
    os: [linux]
    libc: [musl]

  '@oxlint/binding-linux-ppc64-gnu@1.75.0':
    resolution: {integrity: sha512-XEVRwGMLKCUKrvhLAz4F6AIh8MJrQVdSZtAmPpRZt9tGPsUnamPOcl3dS/ZQzJnar/Ymgc//+xho0L60Emzuxg==}
    engines: {node: ^20.19.0 || >=22.12.0}
    cpu: [ppc64]
    os: [linux]
    libc: [glibc]

  '@oxlint/binding-linux-riscv64-gnu@1.75.0':
    resolution: {integrity: sha512-mAG4DUXqfLC8cTjMD2kt3jDmVzFREYtDyeLNdLdsCcBc4Zbl2EMuiFektGBilQwkNjYnMvCqJs55U+Hyb+b+jw==}
    engines: {node: ^20.19.0 || >=22.12.0}
    cpu: [riscv64]
    os: [linux]
    libc: [glibc]

  '@oxlint/binding-linux-riscv64-musl@1.75.0':
    resolution: {integrity: sha512-95hrAvriAlI+pekSomTFIn0+bawMDlDwTNVmdjsFusTHyL2JWh7TWvRNG/Lkim72uN8OiCcO9wcaC6omLP5E3w==}
    engines: {node: ^20.19.0 || >=22.12.0}
    cpu: [riscv64]
    os: [linux]
    libc: [musl]

  '@oxlint/binding-linux-s390x-gnu@1.75.0':
    resolution: {integrity: sha512-4b6f2+FrtruAESrCqIKcrarzfrSx+wk2QNcp+RT91/Prc+pMQMAfyZ1rG1c3tFQNl8Bc616tx40uNXyxNBRPbQ==}
    engines: {node: ^20.19.0 || >=22.12.0}
    cpu: [s390x]
    os: [linux]
    libc: [glibc]

  '@oxlint/binding-linux-x64-gnu@1.75.0':
    resolution: {integrity: sha512-nshAhrUvXFUWOvqQ2soIw7HFNWvpvEV4o0cYSqPtzLiPF5gKyYTDOOTJ6Rn8g8K/iGvPIrbDA4v8+5MvnjJrrg==}
    engines: {node: ^20.19.0 || >=22.12.0}
    cpu: [x64]
    os: [linux]
    libc: [glibc]

  '@oxlint/binding-linux-x64-musl@1.75.0':
    resolution: {integrity: sha512-e4jNxLKnxLC6sYBQRxrI2pgIIxnmMtF8U/VwNYcjTT/CLS+spH624cYVnj07bTKwaEWT37/e025isOs6j/0xqA==}
    engines: {node: ^20.19.0 || >=22.12.0}
    cpu: [x64]
    os: [linux]
    libc: [musl]

  '@oxlint/binding-openharmony-arm64@1.75.0':
    resolution: {integrity: sha512-hZ2lH+1qLf/DiEP9UWuQTK2JWj/BgvMB4jhIV4SmNU1wfEiYYX4TynQyAZXx0j9X4qRYizAL042SKaV+8ynh4w==}
    engines: {node: ^20.19.0 || >=22.12.0}
    cpu: [arm64]
    os: [openharmony]

  '@oxlint/binding-win32-arm64-msvc@1.75.0':
    resolution: {integrity: sha512-Ilj6PNzGDS3bCU0MSJH7Msh0NhH+T/mRp2shwg+q+GHeVlPwP5LEboW96aW+3kVKFk6zYZy1Xi5pZkqZh6X8KQ==}
    engines: {node: ^20.19.0 || >=22.12.0}
    cpu: [arm64]
    os: [win32]

  '@oxlint/binding-win32-ia32-msvc@1.75.0':
    resolution: {integrity: sha512-QVit2nOEOiPhkmsrksPSkoGCdnZRNkspt8fwoYyP09te1VEbnSj4LAxua4rc8FKTmWkySVe05j8iz9GXYfF1AQ==}
    engines: {node: ^20.19.0 || >=22.12.0}
    cpu: [ia32]
    os: [win32]

  '@oxlint/binding-win32-x64-msvc@1.75.0':
    resolution: {integrity: sha512-DSxnNkBUAYARPwJtR12Ig3deWr8w0H997xP6jy33i+e0SyYJw8FKuz4+cZtpmPEhQmvlPJE3X/2vNxDmLkd/rA==}
    engines: {node: ^20.19.0 || >=22.12.0}
    cpu: [x64]
    os: [win32]

  '@turbo/darwin-64@2.10.7':
    resolution: {integrity: sha512-/c9cSBRermWDv85oufLhoH6XRLOVbvzJLRd+WLyfJCP+i0HFLQj4PVNDrHcY17/ve5l8X0Oua4bJBqJUgJPnZA==}
    cpu: [x64]
    os: [darwin]

  '@turbo/darwin-arm64@2.10.7':
    resolution: {integrity: sha512-8lpCCGWZBl9PIF8w8f2iEWrLMbHBWIfJeV6l2UEGqysD6HRIM4ySj/8R7HGEzbECJ4r/gnJcHmxEoG8yjFe64A==}
    cpu: [arm64]
    os: [darwin]

  '@turbo/linux-64@2.10.7':
    resolution: {integrity: sha512-Midw9Ed00yw9rqkWN82fY3LmLNFQ6yiL1GXB56DJKUEjWaEd27zh7ohCxzzrjfjQVrEeVWd3UPytTAV16XDQlA==}
    cpu: [x64]
    os: [linux]

  '@turbo/linux-arm64@2.10.7':
    resolution: {integrity: sha512-UVEy+MW/xn4BcsiV3v3uv0/oObyaQgVtRT+Jj4WE53rNH05VEYEc1Z13q3zV6276wCZR4Yxc4hiTTcjw7PjSpg==}
    cpu: [arm64]
    os: [linux]

  '@turbo/windows-64@2.10.7':
    resolution: {integrity: sha512-l2nH9KGLV46SWjcXvyc2+xo5gdf5J0NVADknQk9OCJhzJBpiNl/byd26yIfwZBjLupdqT6UOdPhPxcpUPxRykQ==}
    cpu: [x64]
    os: [win32]

  '@turbo/windows-arm64@2.10.7':
    resolution: {integrity: sha512-qjE1apG6RThuX49vUJd5ks2dV2ndXC2qktDChQonFMvUzrMrEnZMQzO+IgxBiYq1j+NbXQcRwj84nGnk1TBw1g==}
    cpu: [arm64]
    os: [win32]

  oxfmt@0.60.0:
    resolution: {integrity: sha512-fViX6i+gJuZWY+jI/fnR6WRbRj70GZ9RlCd30MygJrHTUNc4DxvKHWw8vBjMjffv3PgU5qWDR0AzmojQByqaZA==}
    engines: {node: ^20.19.0 || >=22.12.0}
    hasBin: true
    peerDependencies:
      svelte: ^5.0.0
      vite-plus: '*'
    peerDependenciesMeta:
      svelte:
        optional: true
      vite-plus:
        optional: true

  oxlint@1.75.0:
    resolution: {integrity: sha512-m9WzjRcRYA/uqIZDa9tclrieoPJ/ln1QYTKdFx6NUOs8uY5DiHlIwRQoCrHT6OM6O3ww3l2skY5gO7G7ZphE7g==}
    engines: {node: ^20.19.0 || >=22.12.0}
    hasBin: true
    peerDependencies:
      oxlint-tsgolint: '>=7.0.2001'
      vite-plus: '*'
    peerDependenciesMeta:
      oxlint-tsgolint:
        optional: true
      vite-plus:
        optional: true

  tinypool@2.1.0:
    resolution: {integrity: sha512-Pugqs6M0m7Lv1I7FtxN4aoyToKg1C4tu+/381vH35y8oENM/Ai7f7C4StcoK4/+BSw9ebcS8jRiVrORFKCALLw==}
    engines: {node: ^20.0.0 || >=22.0.0}

  turbo@2.10.7:
    resolution: {integrity: sha512-GHx6WExIFSKNJ5qMlzDpXBXlu9ApxaMjqxAVrCNcW94xf/+uqgIz41SAuRUMbXva2ExNAaY/h8V0q90SWSzmRw==}
    hasBin: true

snapshots:

  '@oxfmt/binding-android-arm-eabi@0.60.0':
    optional: true

  '@oxfmt/binding-android-arm64@0.60.0':
    optional: true

  '@oxfmt/binding-darwin-arm64@0.60.0':
    optional: true

  '@oxfmt/binding-darwin-x64@0.60.0':
    optional: true

  '@oxfmt/binding-freebsd-x64@0.60.0':
    optional: true

  '@oxfmt/binding-linux-arm-gnueabihf@0.60.0':
    optional: true

  '@oxfmt/binding-linux-arm-musleabihf@0.60.0':
    optional: true

  '@oxfmt/binding-linux-arm64-gnu@0.60.0':
    optional: true

  '@oxfmt/binding-linux-arm64-musl@0.60.0':
    optional: true

  '@oxfmt/binding-linux-ppc64-gnu@0.60.0':
    optional: true

  '@oxfmt/binding-linux-riscv64-gnu@0.60.0':
    optional: true

  '@oxfmt/binding-linux-riscv64-musl@0.60.0':
    optional: true

  '@oxfmt/binding-linux-s390x-gnu@0.60.0':
    optional: true

  '@oxfmt/binding-linux-x64-gnu@0.60.0':
    optional: true

  '@oxfmt/binding-linux-x64-musl@0.60.0':
    optional: true

  '@oxfmt/binding-openharmony-arm64@0.60.0':
    optional: true

  '@oxfmt/binding-win32-arm64-msvc@0.60.0':
    optional: true

  '@oxfmt/binding-win32-ia32-msvc@0.60.0':
    optional: true

  '@oxfmt/binding-win32-x64-msvc@0.60.0':
    optional: true

  '@oxlint/binding-android-arm-eabi@1.75.0':
    optional: true

  '@oxlint/binding-android-arm64@1.75.0':
    optional: true

  '@oxlint/binding-darwin-arm64@1.75.0':
    optional: true

  '@oxlint/binding-darwin-x64@1.75.0':
    optional: true

  '@oxlint/binding-freebsd-x64@1.75.0':
    optional: true

  '@oxlint/binding-linux-arm-gnueabihf@1.75.0':
    optional: true

  '@oxlint/binding-linux-arm-musleabihf@1.75.0':
    optional: true

  '@oxlint/binding-linux-arm64-gnu@1.75.0':
    optional: true

  '@oxlint/binding-linux-arm64-musl@1.75.0':
    optional: true

  '@oxlint/binding-linux-ppc64-gnu@1.75.0':
    optional: true

  '@oxlint/binding-linux-riscv64-gnu@1.75.0':
    optional: true

  '@oxlint/binding-linux-riscv64-musl@1.75.0':
    optional: true

  '@oxlint/binding-linux-s390x-gnu@1.75.0':
    optional: true

  '@oxlint/binding-linux-x64-gnu@1.75.0':
    optional: true

  '@oxlint/binding-linux-x64-musl@1.75.0':
    optional: true

  '@oxlint/binding-openharmony-arm64@1.75.0':
    optional: true

  '@oxlint/binding-win32-arm64-msvc@1.75.0':
    optional: true

  '@oxlint/binding-win32-ia32-msvc@1.75.0':
    optional: true

  '@oxlint/binding-win32-x64-msvc@1.75.0':
    optional: true

  '@turbo/darwin-64@2.10.7':
    optional: true

  '@turbo/darwin-arm64@2.10.7':
    optional: true

  '@turbo/linux-64@2.10.7':
    optional: true

  '@turbo/linux-arm64@2.10.7':
    optional: true

  '@turbo/windows-64@2.10.7':
    optional: true

  '@turbo/windows-arm64@2.10.7':
    optional: true

  oxfmt@0.60.0:
    dependencies:
      tinypool: 2.1.0
    optionalDependencies:
      '@oxfmt/binding-android-arm-eabi': 0.60.0
      '@oxfmt/binding-android-arm64': 0.60.0
      '@oxfmt/binding-darwin-arm64': 0.60.0
      '@oxfmt/binding-darwin-x64': 0.60.0
      '@oxfmt/binding-freebsd-x64': 0.60.0
      '@oxfmt/binding-linux-arm-gnueabihf': 0.60.0
      '@oxfmt/binding-linux-arm-musleabihf': 0.60.0
      '@oxfmt/binding-linux-arm64-gnu': 0.60.0
      '@oxfmt/binding-linux-arm64-musl': 0.60.0
      '@oxfmt/binding-linux-ppc64-gnu': 0.60.0
      '@oxfmt/binding-linux-riscv64-gnu': 0.60.0
      '@oxfmt/binding-linux-riscv64-musl': 0.60.0
      '@oxfmt/binding-linux-s390x-gnu': 0.60.0
      '@oxfmt/binding-linux-x64-gnu': 0.60.0
      '@oxfmt/binding-linux-x64-musl': 0.60.0
      '@oxfmt/binding-openharmony-arm64': 0.60.0
      '@oxfmt/binding-win32-arm64-msvc': 0.60.0
      '@oxfmt/binding-win32-ia32-msvc': 0.60.0
      '@oxfmt/binding-win32-x64-msvc': 0.60.0

  oxlint@1.75.0:
    optionalDependencies:
      '@oxlint/binding-android-arm-eabi': 1.75.0
      '@oxlint/binding-android-arm64': 1.75.0
      '@oxlint/binding-darwin-arm64': 1.75.0
      '@oxlint/binding-darwin-x64': 1.75.0
      '@oxlint/binding-freebsd-x64': 1.75.0
      '@oxlint/binding-linux-arm-gnueabihf': 1.75.0
      '@oxlint/binding-linux-arm-musleabihf': 1.75.0
      '@oxlint/binding-linux-arm64-gnu': 1.75.0
      '@oxlint/binding-linux-arm64-musl': 1.75.0
      '@oxlint/binding-linux-ppc64-gnu': 1.75.0
      '@oxlint/binding-linux-riscv64-gnu': 1.75.0
      '@oxlint/binding-linux-riscv64-musl': 1.75.0
      '@oxlint/binding-linux-s390x-gnu': 1.75.0
      '@oxlint/binding-linux-x64-gnu': 1.75.0
      '@oxlint/binding-linux-x64-musl': 1.75.0
      '@oxlint/binding-openharmony-arm64': 1.75.0
      '@oxlint/binding-win32-arm64-msvc': 1.75.0
      '@oxlint/binding-win32-ia32-msvc': 1.75.0
      '@oxlint/binding-win32-x64-msvc': 1.75.0

  tinypool@2.1.0: {}

  turbo@2.10.7:
    optionalDependencies:
      '@turbo/darwin-64': 2.10.7
      '@turbo/darwin-arm64': 2.10.7
      '@turbo/linux-64': 2.10.7
      '@turbo/linux-arm64': 2.10.7
      '@turbo/windows-64': 2.10.7
      '@turbo/windows-arm64': 2.10.7
